
Microsoft Visual Studio Solution File, Format Version 12.00
# Visual Studio Version 16
VisualStudioVersion = 16.0.29411.108
MinimumVisualStudioVersion = 10.0.40219.1
Project("{FAE04EC0-301F-11D3-BF4B-00C04F79EFBC}") = "PrecoMoeda", "PrecoMoeda.csproj", "{01EB414E-D668-458B-93FE-DF52447FEC26}"
EndProject
Global
	GlobalSection(SolutionConfigurationPlatforms) = preSolution
		Debug|Any CPU = Debug|Any CPU
		Release|Any CPU = Release|Any CPU
	EndGlobalSection
	GlobalSection(ProjectConfigurationPlatforms) = postSolution
		{01EB414E-D668-458B-93FE-DF52447FEC26}.Debug|Any CPU.ActiveCfg = Debug|Any CPU
		{01EB414E-D668-458B-93FE-DF52447FEC26}.Debug|Any CPU.Build.0 = Debug|Any CPU
		{01EB414E-D668-458B-93FE-DF52447FEC26}.Release|Any CPU.ActiveCfg = Release|Any CPU
		{01EB414E-D668-458B-93FE-DF52447FEC26}.Release|Any CPU.Build.0 = Release|Any CPU
	EndGlobalSection
	GlobalSection(SolutionProperties) = preSolution
		HideSolutionNode = FALSE
	EndGlobalSection
	GlobalSection(ExtensibilityGlobals) = postSolution
		SolutionGuid = {1EF83A4A-51CF-4EF4-BA87-201E1D3E7FF8}
	EndGlobalSection
EndGlobal
